
Microsoft Visual Studio Solution File, Format Version 12.00
# Visual Studio Version 17
VisualStudioVersion = 17.0.31903.59
MinimumVisualStudioVersion = 10.0.40219.1
Project("{FAE04EC0-301F-11D3-BF4B-00C04F79EFBC}") = "ShopTestsNetCore", "ShopTestsNetCore\ShopTestsNetCore.csproj", "{DC0166E3-823A-413E-8060-5F3C6874CD97}"
EndProject
Global
	GlobalSection(SolutionConfigurationPlatforms) = preSolution
		Debug|Any CPU = Debug|Any CPU
		Release|Any CPU = Release|Any CPU
	EndGlobalSection
	GlobalSection(SolutionProperties) = preSolution
		HideSolutionNode = FALSE
	EndGlobalSection
	GlobalSection(ProjectConfigurationPlatforms) = postSolution
		{DC0166E3-823A-413E-8060-5F3C6874CD97}.Debug|Any CPU.ActiveCfg = Debug|Any CPU
		{DC0166E3-823A-413E-8060-5F3C6874CD97}.Debug|Any CPU.Build.0 = Debug|Any CPU
		{DC0166E3-823A-413E-8060-5F3C6874CD97}.Release|Any CPU.ActiveCfg = Release|Any CPU
		{DC0166E3-823A-413E-8060-5F3C6874CD97}.Release|Any CPU.Build.0 = Release|Any CPU
	EndGlobalSection
EndGlobal
